{
  "requires": true,
  "lockfileVersion": 1,
  "dependencies": {
    "react-country-region-selector": {
      "version": "3.1.0",
      "resolved": "https://registry.npmjs.org/react-country-region-selector/-/react-country-region-selector-3.1.0.tgz",
      "integrity": "sha512-wA4K9W4qcbpPy2sd+utv7999qMwPoEfWVJj95xvl72xCopaLSsogQG1Y9HKX3wyTljCJZfUvAcrTnNZIQq6owA=="
    }
  }
}
